
Microsoft Visual Studio Solution File, Format Version 12.00
# Visual Studio Version 17
VisualStudioVersion = 17.7.34221.43
MinimumVisualStudioVersion = 10.0.40219.1
Project("{FAE04EC0-301F-11D3-BF4B-00C04F79EFBC}") = "Interface Example", "Interface Example\Interface Example.csproj", "{23BA2968-F578-43E7-AC10-14E9AE798A4A}"
EndProject
Global
	GlobalSection(SolutionConfigurationPlatforms) = preSolution
		Debug|Any CPU = Debug|Any CPU
		Release|Any CPU = Release|Any CPU
	EndGlobalSection
	GlobalSection(ProjectConfigurationPlatforms) = postSolution
		{23BA2968-F578-43E7-AC10-14E9AE798A4A}.Debug|Any CPU.ActiveCfg = Debug|Any CPU
		{23BA2968-F578-43E7-AC10-14E9AE798A4A}.Debug|Any CPU.Build.0 = Debug|Any CPU
		{23BA2968-F578-43E7-AC10-14E9AE798A4A}.Release|Any CPU.ActiveCfg = Release|Any CPU
		{23BA2968-F578-43E7-AC10-14E9AE798A4A}.Release|Any CPU.Build.0 = Release|Any CPU
	EndGlobalSection
	GlobalSection(SolutionProperties) = preSolution
		HideSolutionNode = FALSE
	EndGlobalSection
	GlobalSection(ExtensibilityGlobals) = postSolution
		SolutionGuid = {61D2AA44-8AC9-48CC-BB94-11A413FBB2E2}
	EndGlobalSection
EndGlobal
